PODS:
  - CocoaLumberjack (3.9.0):
    - CocoaLumberjack/Core (= 3.9.0)
  - CocoaLumberjack/Core (3.9.0)
  - DSJSONSchemaValidation (2.0.7)
  - mqttc/MinL (26.0.0):
    - CocoaLumberjack
  - Sodium (0.9.1)

DEPENDENCIES:
  - CocoaLumberjack
  - DSJSONSchemaValidation
  - mqttc/MinL (from `~/mqttc`)
  - Sodium

SPEC REPOS:
  https://github.com/CocoaPods/Specs.git:
    - CocoaLumberjack
    - DSJSONSchemaValidation
    - Sodium

EXTERNAL SOURCES:
  mqttc:
    :path: "~/mqttc"

SPEC CHECKSUMS:
  CocoaLumberjack: 5644158777912b7de7469fa881f8a3f259c2512a
  DSJSONSchemaValidation: 46e30ccfa9908c49d184f453d556f55aa0aac1ff
  mqttc: 19b57d2b680396670fb01e8febf37b9bde99a9d8
  Sodium: 23d11554ecd556196d313cf6130d406dfe7ac6da

PODFILE CHECKSUM: d6d9292926a4917eb4490e95692ce5c7d6e56ccf

COCOAPODS: 1.16.2
