PODS:
  - ABStaticTableViewController (1.1.0)
  - CocoaLumberjack (2.0.0):
    - CocoaLumberjack/Default (= 2.0.0)
    - CocoaLumberjack/Extensions (= 2.0.0)
  - CocoaLumberjack/Core (2.0.0)
  - CocoaLumberjack/Default (2.0.0):
    - CocoaLumberjack/Core
  - CocoaLumberjack/Extensions (2.0.0):
    - CocoaLumberjack/Default
  - MQTTClient (0.1.3)

DEPENDENCIES:
  - ABStaticTableViewController
  - CocoaLumberjack
  - MQTTClient

SPEC CHECKSUMS:
  ABStaticTableViewController: ef94678753f8873d364ca6cc74ea0237b41fb848
  CocoaLumberjack: a6f77d987d65dc7ba86b0f84db7d0b9084f77bcb
  MQTTClient: 68e063d502c13be22c48e74afcdb20061e8fc62a

COCOAPODS: 0.35.0
