// !$*UTF8*$!
{
	archiveVersion = 1;
	classes = {
	};
	objectVersion = 46;
	objects = {

/* Begin PBXBuildFile section */
		840B2F741AC0579E00E653F5 /* Crashlytics.framework in Frameworks */ = {isa = PBXBuildFile; fileRef = 840B2F721AC0579E00E653F5 /* Crashlytics.framework */; };
		840B2F751AC0579E00E653F5 /* Fabric.framework in Frameworks */ = {isa = PBXBuildFile; fileRef = 840B2F731AC0579E00E653F5 /* Fabric.framework */; };
		8411B82C189FDB140019D2D6 /* Foundation.framework in Frameworks */ = {isa = PBXBuildFile; fileRef = 8411B82B189FDB140019D2D6 /* Foundation.framework */; };
		8411B82E189FDB140019D2D6 /* CoreGraphics.framework in Frameworks */ = {isa = PBXBuildFile; fileRef = 8411B82D189FDB140019D2D6 /* CoreGraphics.framework */; };
		8411B830189FDB140019D2D6 /* UIKit.framework in Frameworks */ = {isa = PBXBuildFile; fileRef = 8411B82F189FDB140019D2D6 /* UIKit.framework */; };
		8411B832189FDB140019D2D6 /* CoreData.framework in Frameworks */ = {isa = PBXBuildFile; fileRef = 8411B831189FDB140019D2D6 /* CoreData.framework */; };
		8411B83A189FDB140019D2D6 /* main.m in Sources */ = {isa = PBXBuildFile; fileRef = 8411B839189FDB140019D2D6 /* main.m */; };
		8411B83E189FDB140019D2D6 /* OwnTracksAppDelegate.m in Sources */ = {isa = PBXBuildFile; fileRef = 8411B83D189FDB140019D2D6 /* OwnTracksAppDelegate.m */; };
		8411B843189FDB140019D2D6 /* Images.xcassets in Resources */ = {isa = PBXBuildFile; fileRef = 8411B842189FDB140019D2D6 /* Images.xcassets */; };
		8411B84A189FDB140019D2D6 /* XCTest.framework in Frameworks */ = {isa = PBXBuildFile; fileRef = 8411B849189FDB140019D2D6 /* XCTest.framework */; };
		8411B84B189FDB140019D2D6 /* Foundation.framework in Frameworks */ = {isa = PBXBuildFile; fileRef = 8411B82B189FDB140019D2D6 /* Foundation.framework */; };
		8411B84C189FDB140019D2D6 /* UIKit.framework in Frameworks */ = {isa = PBXBuildFile; fileRef = 8411B82F189FDB140019D2D6 /* UIKit.framework */; };
		8411B84D189FDB140019D2D6 /* CoreData.framework in Frameworks */ = {isa = PBXBuildFile; fileRef = 8411B831189FDB140019D2D6 /* CoreData.framework */; };
		8411B855189FDB140019D2D6 /* InfoPlist.strings in Resources */ = {isa = PBXBuildFile; fileRef = 8411B853189FDB140019D2D6 /* InfoPlist.strings */; };
		8411B857189FDB140019D2D6 /* OwnTracksTests.m in Sources */ = {isa = PBXBuildFile; fileRef = 8411B856189FDB140019D2D6 /* OwnTracksTests.m */; };
		8411B861189FDD200019D2D6 /* MapKit.framework in Frameworks */ = {isa = PBXBuildFile; fileRef = 8411B860189FDD200019D2D6 /* MapKit.framework */; };
		8411B878189FE1ED0019D2D6 /* Friend+Create.m in Sources */ = {isa = PBXBuildFile; fileRef = 8411B869189FE1ED0019D2D6 /* Friend+Create.m */; };
		8411B87A189FE1ED0019D2D6 /* Location+Create.m in Sources */ = {isa = PBXBuildFile; fileRef = 8411B86D189FE1ED0019D2D6 /* Location+Create.m */; };
		8411B87F189FE35C0019D2D6 /* Model.xcdatamodeld in Sources */ = {isa = PBXBuildFile; fileRef = 8411B87D189FE35C0019D2D6 /* Model.xcdatamodeld */; };
		8411B88A189FE79B0019D2D6 /* AlertView.m in Sources */ = {isa = PBXBuildFile; fileRef = 8411B887189FE79B0019D2D6 /* AlertView.m */; };
		8411B88B189FE79B0019D2D6 /* CoreData.m in Sources */ = {isa = PBXBuildFile; fileRef = 8411B889189FE79B0019D2D6 /* CoreData.m */; };
		8411B88E189FE9940019D2D6 /* Connection.m in Sources */ = {isa = PBXBuildFile; fileRef = 8411B88D189FE9940019D2D6 /* Connection.m */; };
		8411B891189FE9CE0019D2D6 /* Settings.m in Sources */ = {isa = PBXBuildFile; fileRef = 8411B890189FE9CE0019D2D6 /* Settings.m */; };
		8411B896189FEAE60019D2D6 /* Storyboard.storyboard in Resources */ = {isa = PBXBuildFile; fileRef = 8411B895189FEAE60019D2D6 /* Storyboard.storyboard */; };
		8411B8D9189FEB790019D2D6 /* icon_ipad320.png in Resources */ = {isa = PBXBuildFile; fileRef = 8411B8A6189FEB790019D2D6 /* icon_ipad320.png */; };
		8411B8DA189FEB790019D2D6 /* icon_ipad64.png in Resources */ = {isa = PBXBuildFile; fileRef = 8411B8A7189FEB790019D2D6 /* icon_ipad64.png */; };
		8411B8DE189FEB790019D2D6 /* iTunesArtwork.png in Resources */ = {isa = PBXBuildFile; fileRef = 8411B8AB189FEB790019D2D6 /* iTunesArtwork.png */; };
		8411B8E0189FEB790019D2D6 /* iTunesArtwork@2x.png in Resources */ = {isa = PBXBuildFile; fileRef = 8411B8AD189FEB790019D2D6 /* iTunesArtwork@2x.png */; };
		8411B8E1189FEB790019D2D6 /* Location.gpx in Resources */ = {isa = PBXBuildFile; fileRef = 8411B8AE189FEB790019D2D6 /* Location.gpx */; };
		8411B90C189FEC070019D2D6 /* EditLocationTVC.m in Sources */ = {isa = PBXBuildFile; fileRef = 8411B8FF189FEC070019D2D6 /* EditLocationTVC.m */; };
		8411B90D189FEC070019D2D6 /* FriendAnnotationV.m in Sources */ = {isa = PBXBuildFile; fileRef = 8411B901189FEC070019D2D6 /* FriendAnnotationV.m */; };
		8411B90E189FEC070019D2D6 /* FriendTVC.m in Sources */ = {isa = PBXBuildFile; fileRef = 8411B903189FEC070019D2D6 /* FriendTVC.m */; };
		8411B90F189FEC070019D2D6 /* LocationTVC.m in Sources */ = {isa = PBXBuildFile; fileRef = 8411B905189FEC070019D2D6 /* LocationTVC.m */; };
		8411B910189FEC070019D2D6 /* PersonTVC.m in Sources */ = {isa = PBXBuildFile; fileRef = 8411B907189FEC070019D2D6 /* PersonTVC.m */; };
		8411B911189FEC070019D2D6 /* StatusTVC.m in Sources */ = {isa = PBXBuildFile; fileRef = 8411B909189FEC070019D2D6 /* StatusTVC.m */; };
		8411B912189FEC070019D2D6 /* ViewController.m in Sources */ = {isa = PBXBuildFile; fileRef = 8411B90B189FEC070019D2D6 /* ViewController.m */; };
		8426103A1ACFE67B00FE1A03 /* Launch Screen.xib in Resources */ = {isa = PBXBuildFile; fileRef = 842610391ACFE67B00FE1A03 /* Launch Screen.xib */; };
		8455DFBE1ADF2BD8003C7BC8 /* Hosted.plist in Resources */ = {isa = PBXBuildFile; fileRef = 8455DFBD1ADF2BD8003C7BC8 /* Hosted.plist */; };
		845F003D192A5CDE00919FB8 /* QosTVC.m in Sources */ = {isa = PBXBuildFile; fileRef = 845F003C192A5CDE00919FB8 /* QosTVC.m */; };
		8479EEB218E4288800923B24 /* Setting.m in Sources */ = {isa = PBXBuildFile; fileRef = 8479EEB118E4288800923B24 /* Setting.m */; };
		8479EEB518E4289E00923B24 /* Setting+Create.m in Sources */ = {isa = PBXBuildFile; fileRef = 8479EEB418E4289E00923B24 /* Setting+Create.m */; };
		8479EEB718E4529900923B24 /* Settings.plist in Resources */ = {isa = PBXBuildFile; fileRef = 849D457B18CDACDF00201BF3 /* Settings.plist */; };
		847F8B5819295C65003876D4 /* CoreMotion.framework in Frameworks */ = {isa = PBXBuildFile; fileRef = 847F8B5719295C65003876D4 /* CoreMotion.framework */; };
		848794B419A6240100DF56EB /* Location.m in Sources */ = {isa = PBXBuildFile; fileRef = 848794B319A6240100DF56EB /* Location.m */; };
		8499BA95192CF86200FA95C7 /* Storyboard-iPad.storyboard in Resources */ = {isa = PBXBuildFile; fileRef = 8499BA94192CF86200FA95C7 /* Storyboard-iPad.storyboard */; };
		8499BA98192D085700FA95C7 /* DetailNC.m in Sources */ = {isa = PBXBuildFile; fileRef = 8499BA97192D085700FA95C7 /* DetailNC.m */; };
		84AB05461ACFF2280028D8BF /* icon24@2x.png in Resources */ = {isa = PBXBuildFile; fileRef = 84AB053D1ACFF2280028D8BF /* icon24@2x.png */; };
		84AB05471ACFF2280028D8BF /* icon27.5@2x.png in Resources */ = {isa = PBXBuildFile; fileRef = 84AB053E1ACFF2280028D8BF /* icon27.5@2x.png */; };
		84AB05481ACFF2280028D8BF /* icon29@2x.png in Resources */ = {isa = PBXBuildFile; fileRef = 84AB053F1ACFF2280028D8BF /* icon29@2x.png */; };
		84AB05491ACFF2280028D8BF /* icon29@3x.png in Resources */ = {isa = PBXBuildFile; fileRef = 84AB05401ACFF2280028D8BF /* icon29@3x.png */; };
		84AB054A1ACFF2280028D8BF /* icon40@2x.png in Resources */ = {isa = PBXBuildFile; fileRef = 84AB05411ACFF2280028D8BF /* icon40@2x.png */; };
		84AB054B1ACFF2280028D8BF /* icon44@2x.png in Resources */ = {isa = PBXBuildFile; fileRef = 84AB05421ACFF2280028D8BF /* icon44@2x.png */; };
		84AB054C1ACFF2280028D8BF /* icon80@2x.png in Resources */ = {isa = PBXBuildFile; fileRef = 84AB05431ACFF2280028D8BF /* icon80@2x.png */; };
		84AB054D1ACFF2280028D8BF /* icon86@2x.png in Resources */ = {isa = PBXBuildFile; fileRef = 84AB05441ACFF2280028D8BF /* icon86@2x.png */; };
		84AB054E1ACFF2280028D8BF /* icon98@2x.png in Resources */ = {isa = PBXBuildFile; fileRef = 84AB05451ACFF2280028D8BF /* icon98@2x.png */; };
		84B7397A1A65629200B103F4 /* LocationManager.m in Sources */ = {isa = PBXBuildFile; fileRef = 84B739791A65629200B103F4 /* LocationManager.m */; };
		84CDB2501AD197AD005E272B /* Public.plist in Resources */ = {isa = PBXBuildFile; fileRef = 84CDB24F1AD197AD005E272B /* Public.plist */; };
		84D3072F1ACD644500FACB9E /* NotificationCenter.framework in Frameworks */ = {isa = PBXBuildFile; fileRef = 84D3072E1ACD644500FACB9E /* NotificationCenter.framework */; };
		84D307351ACD644500FACB9E /* TodayViewController.m in Sources */ = {isa = PBXBuildFile; fileRef = 84D307341ACD644500FACB9E /* TodayViewController.m */; };
		84D307371ACD644500FACB9E /* MainInterface.storyboard in Resources */ = {isa = PBXBuildFile; fileRef = 84D307361ACD644500FACB9E /* MainInterface.storyboard */; };
		84D3073A1ACD644500FACB9E /* OwnTracksToday.appex in Embed App Extensions */ = {isa = PBXBuildFile; fileRef = 84D3072D1ACD644500FACB9E /* OwnTracksToday.appex */; settings = {ATTRIBUTES = (RemoveHeadersOnCopy, ); }; };
		84D307681ACDA62100FACB9E /* CoreLocation.framework in Frameworks */ = {isa = PBXBuildFile; fileRef = 84AF468F1AB9571800E954E3 /* CoreLocation.framework */; };
		84F468E81AD4884200CF8C4F /* Friend.m in Sources */ = {isa = PBXBuildFile; fileRef = 84F468E71AD4884200CF8C4F /* Friend.m */; };
		C0F7B8BC24608F7AD9213FBD /* libPods.a in Frameworks */ = {isa = PBXBuildFile; fileRef = A35A5DAD31E7CD8F9CC2BEFB /* libPods.a */; };
/* End PBXBuildFile section */

/* Begin PBXContainerItemProxy section */
		8411B84E189FDB140019D2D6 /* PBXContainerItemProxy */ = {
			isa = PBXContainerItemProxy;
			containerPortal = 8411B820189FDB140019D2D6 /* Project object */;
			proxyType = 1;
			remoteGlobalIDString = 8411B827189FDB140019D2D6;
			remoteInfo = OwnTracks;
		};
		84D307381ACD644500FACB9E /* PBXContainerItemProxy */ = {
			isa = PBXContainerItemProxy;
			containerPortal = 8411B820189FDB140019D2D6 /* Project object */;
			proxyType = 1;
			remoteGlobalIDString = 84D3072C1ACD644500FACB9E;
			remoteInfo = OwnTracksToday;
		};
/* End PBXContainerItemProxy section */

/* Begin PBXCopyFilesBuildPhase section */
		844E826B1AB8061500516D1A /* Embed App Extensions */ = {
			isa = PBXCopyFilesBuildPhase;
			buildActionMask = 2147483647;
			dstPath = "";
			dstSubfolderSpec = 13;
			files = (
				84D3073A1ACD644500FACB9E /* OwnTracksToday.appex in Embed App Extensions */,
			);
			name = "Embed App Extensions";
			runOnlyForDeploymentPostprocessing = 0;
		};
/* End PBXCopyFilesBuildPhase section */

/* Begin PBXFileReference section */
		360F842C00CA8867E789B841 /* Pods.release.xcconfig */ = {isa = PBXFileReference; includeInIndex = 1; lastKnownFileType = text.xcconfig; name = Pods.release.xcconfig; path = "Pods/Target Support Files/Pods/Pods.release.xcconfig"; sourceTree = "<group>"; };
		840B2F721AC0579E00E653F5 /* Crashlytics.framework */ = {isa = PBXFileReference; lastKnownFileType = wrapper.framework; path = Crashlytics.framework; sourceTree = "<group>"; };
		840B2F731AC0579E00E653F5 /* Fabric.framework */ = {isa = PBXFileReference; lastKnownFileType = wrapper.framework; path = Fabric.framework; sourceTree = "<group>"; };
		840BBDD318E4274200DC113C /* Model 6.2.xcdatamodel */ = {isa = PBXFileReference; lastKnownFileType = wrapper.xcdatamodel; path = "Model 6.2.xcdatamodel"; sourceTree = "<group>"; };
		8411B828189FDB140019D2D6 /* OwnTracks.app */ = {isa = PBXFileReference; explicitFileType = wrapper.application; includeInIndex = 0; path = OwnTracks.app; sourceTree = BUILT_PRODUCTS_DIR; };
		8411B82B189FDB140019D2D6 /* Foundation.framework */ = {isa = PBXFileReference; lastKnownFileType = wrapper.framework; name = Foundation.framework; path = System/Library/Frameworks/Foundation.framework; sourceTree = SDKROOT; };
		8411B82D189FDB140019D2D6 /* CoreGraphics.framework */ = {isa = PBXFileReference; lastKnownFileType = wrapper.framework; name = CoreGraphics.framework; path = System/Library/Frameworks/CoreGraphics.framework; sourceTree = SDKROOT; };
		8411B82F189FDB140019D2D6 /* UIKit.framework */ = {isa = PBXFileReference; lastKnownFileType = wrapper.framework; name = UIKit.framework; path = System/Library/Frameworks/UIKit.framework; sourceTree = SDKROOT; };
		8411B831189FDB140019D2D6 /* CoreData.framework */ = {isa = PBXFileReference; lastKnownFileType = wrapper.framework; name = CoreData.framework; path = System/Library/Frameworks/CoreData.framework; sourceTree = SDKROOT; };
		8411B835189FDB140019D2D6 /* OwnTracks-Info.plist */ = {isa = PBXFileReference; lastKnownFileType = text.plist.xml; path = "OwnTracks-Info.plist"; sourceTree = "<group>"; };
		8411B837189FDB140019D2D6 /* en */ = {isa = PBXFileReference; lastKnownFileType = text.plist.strings; name = en; path = en.lproj/InfoPlist.strings; sourceTree = "<group>"; };
		8411B839189FDB140019D2D6 /* main.m */ = {isa = PBXFileReference; lastKnownFileType = sourcecode.c.objc; path = main.m; sourceTree = "<group>"; };
		8411B83B189FDB140019D2D6 /* OwnTracks-Prefix.pch */ = {isa = PBXFileReference; lastKnownFileType = sourcecode.c.h; path = "OwnTracks-Prefix.pch"; sourceTree = "<group>"; };
		8411B83C189FDB140019D2D6 /* OwnTracksAppDelegate.h */ = {isa = PBXFileReference; lastKnownFileType = sourcecode.c.h; path = OwnTracksAppDelegate.h; sourceTree = "<group>"; };
		8411B83D189FDB140019D2D6 /* OwnTracksAppDelegate.m */ = {isa = PBXFileReference; lastKnownFileType = sourcecode.c.objc; path = OwnTracksAppDelegate.m; sourceTree = "<group>"; };
		8411B842189FDB140019D2D6 /* Images.xcassets */ = {isa = PBXFileReference; lastKnownFileType = folder.assetcatalog; name = Images.xcassets; path = ../Images.xcassets; sourceTree = "<group>"; };
		8411B848189FDB140019D2D6 /* OwnTracksTests.xctest */ = {isa = PBXFileReference; explicitFileType = wrapper.cfbundle; includeInIndex = 0; path = OwnTracksTests.xctest; sourceTree = BUILT_PRODUCTS_DIR; };
		8411B849189FDB140019D2D6 /* XCTest.framework */ = {isa = PBXFileReference; lastKnownFileType = wrapper.framework; name = XCTest.framework; path = Library/Frameworks/XCTest.framework; sourceTree = DEVELOPER_DIR; };
		8411B852189FDB140019D2D6 /* OwnTracksTests-Info.plist */ = {isa = PBXFileReference; lastKnownFileType = text.plist.xml; path = "OwnTracksTests-Info.plist"; sourceTree = "<group>"; };
		8411B854189FDB140019D2D6 /* en */ = {isa = PBXFileReference; lastKnownFileType = text.plist.strings; name = en; path = en.lproj/InfoPlist.strings; sourceTree = "<group>"; };
		8411B856189FDB140019D2D6 /* OwnTracksTests.m */ = {isa = PBXFileReference; lastKnownFileType = sourcecode.c.objc; path = OwnTracksTests.m; sourceTree = "<group>"; };
		8411B860189FDD200019D2D6 /* MapKit.framework */ = {isa = PBXFileReference; lastKnownFileType = wrapper.framework; name = MapKit.framework; path = System/Library/Frameworks/MapKit.framework; sourceTree = SDKROOT; };
		8411B862189FDD300019D2D6 /* OwnTracks.entitlements */ = {isa = PBXFileReference; lastKnownFileType = text.xml; path = OwnTracks.entitlements; sourceTree = "<group>"; };
		8411B863189FDE0D0019D2D6 /* MQTTClient.framework */ = {isa = PBXFileReference; lastKnownFileType = wrapper.framework; name = MQTTClient.framework; path = "../../MQTT-Client-Framework/MQTTClient/dist/MQTTClient.framework"; sourceTree = "<group>"; };
		8411B868189FE1ED0019D2D6 /* Friend+Create.h */ = {isa = PBXFileReference; fileEncoding = 4; lastKnownFileType = sourcecode.c.h; path = "Friend+Create.h"; sourceTree = "<group>"; };
		8411B869189FE1ED0019D2D6 /* Friend+Create.m */ = {isa = PBXFileReference; fileEncoding = 4; lastKnownFileType = sourcecode.c.objc; path = "Friend+Create.m"; sourceTree = "<group>"; };
		8411B86C189FE1ED0019D2D6 /* Location+Create.h */ = {isa = PBXFileReference; fileEncoding = 4; lastKnownFileType = sourcecode.c.h; path = "Location+Create.h"; sourceTree = "<group>"; };
		8411B86D189FE1ED0019D2D6 /* Location+Create.m */ = {isa = PBXFileReference; fileEncoding = 4; lastKnownFileType = sourcecode.c.objc; path = "Location+Create.m"; sourceTree = "<group>"; };
		8411B87E189FE35C0019D2D6 /* Model.xcdatamodel */ = {isa = PBXFileReference; lastKnownFileType = wrapper.xcdatamodel; path = Model.xcdatamodel; sourceTree = "<group>"; };
		8411B886189FE79B0019D2D6 /* AlertView.h */ = {isa = PBXFileReference; fileEncoding = 4; lastKnownFileType = sourcecode.c.h; path = AlertView.h; sourceTree = "<group>"; };
		8411B887189FE79B0019D2D6 /* AlertView.m */ = {isa = PBXFileReference; fileEncoding = 4; lastKnownFileType = sourcecode.c.objc; path = AlertView.m; sourceTree = "<group>"; };
		8411B888189FE79B0019D2D6 /* CoreData.h */ = {isa = PBXFileReference; fileEncoding = 4; lastKnownFileType = sourcecode.c.h; path = CoreData.h; sourceTree = "<group>"; };
		8411B889189FE79B0019D2D6 /* CoreData.m */ = {isa = PBXFileReference; fileEncoding = 4; lastKnownFileType = sourcecode.c.objc; path = CoreData.m; sourceTree = "<group>"; };
		8411B88C189FE9940019D2D6 /* Connection.h */ = {isa = PBXFileReference; fileEncoding = 4; lastKnownFileType = sourcecode.c.h; path = Connection.h; sourceTree = "<group>"; };
		8411B88D189FE9940019D2D6 /* Connection.m */ = {isa = PBXFileReference; fileEncoding = 4; lastKnownFileType = sourcecode.c.objc; path = Connection.m; sourceTree = "<group>"; };
		8411B88F189FE9CE0019D2D6 /* Settings.h */ = {isa = PBXFileReference; fileEncoding = 4; lastKnownFileType = sourcecode.c.h; path = Settings.h; sourceTree = "<group>"; };
		8411B890189FE9CE0019D2D6 /* Settings.m */ = {isa = PBXFileReference; fileEncoding = 4; lastKnownFileType = sourcecode.c.objc; path = Settings.m; sourceTree = "<group>"; };
		8411B895189FEAE60019D2D6 /* Storyboard.storyboard */ = {isa = PBXFileReference; fileEncoding = 4; lastKnownFileType = file.storyboard; path = Storyboard.storyboard; sourceTree = "<group>"; };
		8411B8A6189FEB790019D2D6 /* icon_ipad320.png */ = {isa = PBXFileReference; lastKnownFileType = image.png; path = icon_ipad320.png; sourceTree = "<group>"; };
		8411B8A7189FEB790019D2D6 /* icon_ipad64.png */ = {isa = PBXFileReference; lastKnownFileType = image.png; path = icon_ipad64.png; sourceTree = "<group>"; };
		8411B8AB189FEB790019D2D6 /* iTunesArtwork.png */ = {isa = PBXFileReference; lastKnownFileType = image.png; path = iTunesArtwork.png; sourceTree = "<group>"; };
		8411B8AD189FEB790019D2D6 /* iTunesArtwork@2x.png */ = {isa = PBXFileReference; lastKnownFileType = image.png; path = "iTunesArtwork@2x.png"; sourceTree = "<group>"; };
		8411B8AE189FEB790019D2D6 /* Location.gpx */ = {isa = PBXFileReference; fileEncoding = 4; lastKnownFileType = text.xml; path = Location.gpx; sourceTree = "<group>"; };
		8411B8FE189FEC070019D2D6 /* EditLocationTVC.h */ = {isa = PBXFileReference; fileEncoding = 4; lastKnownFileType = sourcecode.c.h; path = EditLocationTVC.h; sourceTree = "<group>"; };
		8411B8FF189FEC070019D2D6 /* EditLocationTVC.m */ = {isa = PBXFileReference; fileEncoding = 4; lastKnownFileType = sourcecode.c.objc; path = EditLocationTVC.m; sourceTree = "<group>"; };
		8411B900189FEC070019D2D6 /* FriendAnnotationV.h */ = {isa = PBXFileReference; fileEncoding = 4; lastKnownFileType = sourcecode.c.h; path = FriendAnnotationV.h; sourceTree = "<group>"; };
		8411B901189FEC070019D2D6 /* FriendAnnotationV.m */ = {isa = PBXFileReference; fileEncoding = 4; lastKnownFileType = sourcecode.c.objc; path = FriendAnnotationV.m; sourceTree = "<group>"; };
		8411B902189FEC070019D2D6 /* FriendTVC.h */ = {isa = PBXFileReference; fileEncoding = 4; lastKnownFileType = sourcecode.c.h; path = FriendTVC.h; sourceTree = "<group>"; };
		8411B903189FEC070019D2D6 /* FriendTVC.m */ = {isa = PBXFileReference; fileEncoding = 4; lastKnownFileType = sourcecode.c.objc; path = FriendTVC.m; sourceTree = "<group>"; };
		8411B904189FEC070019D2D6 /* LocationTVC.h */ = {isa = PBXFileReference; fileEncoding = 4; lastKnownFileType = sourcecode.c.h; path = LocationTVC.h; sourceTree = "<group>"; };
		8411B905189FEC070019D2D6 /* LocationTVC.m */ = {isa = PBXFileReference; fileEncoding = 4; lastKnownFileType = sourcecode.c.objc; path = LocationTVC.m; sourceTree = "<group>"; };
		8411B906189FEC070019D2D6 /* PersonTVC.h */ = {isa = PBXFileReference; fileEncoding = 4; lastKnownFileType = sourcecode.c.h; path = PersonTVC.h; sourceTree = "<group>"; };
		8411B907189FEC070019D2D6 /* PersonTVC.m */ = {isa = PBXFileReference; fileEncoding = 4; lastKnownFileType = sourcecode.c.objc; path = PersonTVC.m; sourceTree = "<group>"; };
		8411B908189FEC070019D2D6 /* StatusTVC.h */ = {isa = PBXFileReference; fileEncoding = 4; lastKnownFileType = sourcecode.c.h; path = StatusTVC.h; sourceTree = "<group>"; };
		8411B909189FEC070019D2D6 /* StatusTVC.m */ = {isa = PBXFileReference; fileEncoding = 4; lastKnownFileType = sourcecode.c.objc; path = StatusTVC.m; sourceTree = "<group>"; };
		8411B90A189FEC070019D2D6 /* ViewController.h */ = {isa = PBXFileReference; fileEncoding = 4; lastKnownFileType = sourcecode.c.h; path = ViewController.h; sourceTree = "<group>"; };
		8411B90B189FEC070019D2D6 /* ViewController.m */ = {isa = PBXFileReference; fileEncoding = 4; lastKnownFileType = sourcecode.c.objc; path = ViewController.m; sourceTree = "<group>"; };
		84195B201ABCBC9400A9FA97 /* Model 7.5.xcdatamodel */ = {isa = PBXFileReference; lastKnownFileType = wrapper.xcdatamodel; path = "Model 7.5.xcdatamodel"; sourceTree = "<group>"; };
		842610391ACFE67B00FE1A03 /* Launch Screen.xib */ = {isa = PBXFileReference; fileEncoding = 4; lastKnownFileType = file.xib; path = "Launch Screen.xib"; sourceTree = "<group>"; };
		8455DFBD1ADF2BD8003C7BC8 /* Hosted.plist */ = {isa = PBXFileReference; fileEncoding = 4; lastKnownFileType = text.plist.xml; path = Hosted.plist; sourceTree = "<group>"; };
		845F003B192A5CDE00919FB8 /* QosTVC.h */ = {isa = PBXFileReference; fileEncoding = 4; lastKnownFileType = sourcecode.c.h; name = QosTVC.h; path = ../QosTVC.h; sourceTree = "<group>"; };
		845F003C192A5CDE00919FB8 /* QosTVC.m */ = {isa = PBXFileReference; fileEncoding = 4; lastKnownFileType = sourcecode.c.objc; name = QosTVC.m; path = ../QosTVC.m; sourceTree = "<group>"; };
		8474B15319A8CB7D00427427 /* Model 7.3.1.xcdatamodel */ = {isa = PBXFileReference; lastKnownFileType = wrapper.xcdatamodel; path = "Model 7.3.1.xcdatamodel"; sourceTree = "<group>"; };
		8479EEB018E4288800923B24 /* Setting.h */ = {isa = PBXFileReference; fileEncoding = 4; lastKnownFileType = sourcecode.c.h; path = Setting.h; sourceTree = "<group>"; };
		8479EEB118E4288800923B24 /* Setting.m */ = {isa = PBXFileReference; fileEncoding = 4; lastKnownFileType = sourcecode.c.objc; path = Setting.m; sourceTree = "<group>"; };
		8479EEB318E4289E00923B24 /* Setting+Create.h */ = {isa = PBXFileReference; fileEncoding = 4; lastKnownFileType = sourcecode.c.h; name = "Setting+Create.h"; path = "../../Setting+Create.h"; sourceTree = "<group>"; };
		8479EEB418E4289E00923B24 /* Setting+Create.m */ = {isa = PBXFileReference; fileEncoding = 4; lastKnownFileType = sourcecode.c.objc; name = "Setting+Create.m"; path = "../../Setting+Create.m"; sourceTree = "<group>"; };
		847F8B5719295C65003876D4 /* CoreMotion.framework */ = {isa = PBXFileReference; lastKnownFileType = wrapper.framework; name = CoreMotion.framework; path = System/Library/Frameworks/CoreMotion.framework; sourceTree = SDKROOT; };
		848794B119A6234B00DF56EB /* Model 7.3.xcdatamodel */ = {isa = PBXFileReference; lastKnownFileType = wrapper.xcdatamodel; path = "Model 7.3.xcdatamodel"; sourceTree = "<group>"; };
		848794B219A6240100DF56EB /* Location.h */ = {isa = PBXFileReference; fileEncoding = 4; lastKnownFileType = sourcecode.c.h; path = Location.h; sourceTree = "<group>"; };
		848794B319A6240100DF56EB /* Location.m */ = {isa = PBXFileReference; fileEncoding = 4; lastKnownFileType = sourcecode.c.objc; path = Location.m; sourceTree = "<group>"; };
		8499BA94192CF86200FA95C7 /* Storyboard-iPad.storyboard */ = {isa = PBXFileReference; fileEncoding = 4; lastKnownFileType = file.storyboard; path = "Storyboard-iPad.storyboard"; sourceTree = "<group>"; };
		8499BA96192D085600FA95C7 /* DetailNC.h */ = {isa = PBXFileReference; fileEncoding = 4; lastKnownFileType = sourcecode.c.h; path = DetailNC.h; sourceTree = "<group>"; };
		8499BA97192D085700FA95C7 /* DetailNC.m */ = {isa = PBXFileReference; fileEncoding = 4; lastKnownFileType = sourcecode.c.objc; path = DetailNC.m; sourceTree = "<group>"; };
		849D457B18CDACDF00201BF3 /* Settings.plist */ = {isa = PBXFileReference; fileEncoding = 4; lastKnownFileType = text.plist.xml; path = Settings.plist; sourceTree = "<group>"; };
		84AB053D1ACFF2280028D8BF /* icon24@2x.png */ = {isa = PBXFileReference; lastKnownFileType = image.png; name = "icon24@2x.png"; path = "../OwnTracks/assets/icon24@2x.png"; sourceTree = "<group>"; };
		84AB053E1ACFF2280028D8BF /* icon27.5@2x.png */ = {isa = PBXFileReference; lastKnownFileType = image.png; name = "icon27.5@2x.png"; path = "../OwnTracks/assets/icon27.5@2x.png"; sourceTree = "<group>"; };
		84AB053F1ACFF2280028D8BF /* icon29@2x.png */ = {isa = PBXFileReference; lastKnownFileType = image.png; name = "icon29@2x.png"; path = "../OwnTracks/assets/icon29@2x.png"; sourceTree = "<group>"; };
		84AB05401ACFF2280028D8BF /* icon29@3x.png */ = {isa = PBXFileReference; lastKnownFileType = image.png; name = "icon29@3x.png"; path = "../OwnTracks/assets/icon29@3x.png"; sourceTree = "<group>"; };
		84AB05411ACFF2280028D8BF /* icon40@2x.png */ = {isa = PBXFileReference; lastKnownFileType = image.png; name = "icon40@2x.png"; path = "../OwnTracks/assets/icon40@2x.png"; sourceTree = "<group>"; };
		84AB05421ACFF2280028D8BF /* icon44@2x.png */ = {isa = PBXFileReference; lastKnownFileType = image.png; name = "icon44@2x.png"; path = "../OwnTracks/assets/icon44@2x.png"; sourceTree = "<group>"; };
		84AB05431ACFF2280028D8BF /* icon80@2x.png */ = {isa = PBXFileReference; lastKnownFileType = image.png; name = "icon80@2x.png"; path = "../OwnTracks/assets/icon80@2x.png"; sourceTree = "<group>"; };
		84AB05441ACFF2280028D8BF /* icon86@2x.png */ = {isa = PBXFileReference; lastKnownFileType = image.png; name = "icon86@2x.png"; path = "../OwnTracks/assets/icon86@2x.png"; sourceTree = "<group>"; };
		84AB05451ACFF2280028D8BF /* icon98@2x.png */ = {isa = PBXFileReference; lastKnownFileType = image.png; name = "icon98@2x.png"; path = "../OwnTracks/assets/icon98@2x.png"; sourceTree = "<group>"; };
		84AF468F1AB9571800E954E3 /* CoreLocation.framework */ = {isa = PBXFileReference; lastKnownFileType = wrapper.framework; name = CoreLocation.framework; path = System/Library/Frameworks/CoreLocation.framework; sourceTree = SDKROOT; };
		84B739781A65629200B103F4 /* LocationManager.h */ = {isa = PBXFileReference; fileEncoding = 4; lastKnownFileType = sourcecode.c.h; path = LocationManager.h; sourceTree = "<group>"; };
		84B739791A65629200B103F4 /* LocationManager.m */ = {isa = PBXFileReference; fileEncoding = 4; lastKnownFileType = sourcecode.c.objc; path = LocationManager.m; sourceTree = "<group>"; };
		84C38C14193F88C200F56D04 /* Model 7.2.2.xcdatamodel */ = {isa = PBXFileReference; lastKnownFileType = wrapper.xcdatamodel; path = "Model 7.2.2.xcdatamodel"; sourceTree = "<group>"; };
		84C756A61A89F706003BC8A8 /* Model 7.4.xcdatamodel */ = {isa = PBXFileReference; lastKnownFileType = wrapper.xcdatamodel; path = "Model 7.4.xcdatamodel"; sourceTree = "<group>"; };
		84CDB24F1AD197AD005E272B /* Public.plist */ = {isa = PBXFileReference; fileEncoding = 4; lastKnownFileType = text.plist.xml; path = Public.plist; sourceTree = "<group>"; };
		84D3072D1ACD644500FACB9E /* OwnTracksToday.appex */ = {isa = PBXFileReference; explicitFileType = "wrapper.app-extension"; includeInIndex = 0; path = OwnTracksToday.appex; sourceTree = BUILT_PRODUCTS_DIR; };
		84D3072E1ACD644500FACB9E /* NotificationCenter.framework */ = {isa = PBXFileReference; lastKnownFileType = wrapper.framework; name = NotificationCenter.framework; path = System/Library/Frameworks/NotificationCenter.framework; sourceTree = SDKROOT; };
		84D307321ACD644500FACB9E /* Info.plist */ = {isa = PBXFileReference; lastKnownFileType = text.plist.xml; path = Info.plist; sourceTree = "<group>"; };
		84D307331ACD644500FACB9E /* TodayViewController.h */ = {isa = PBXFileReference; lastKnownFileType = sourcecode.c.h; path = TodayViewController.h; sourceTree = "<group>"; };
		84D307341ACD644500FACB9E /* TodayViewController.m */ = {isa = PBXFileReference; lastKnownFileType = sourcecode.c.objc; path = TodayViewController.m; sourceTree = "<group>"; };
		84D307361ACD644500FACB9E /* MainInterface.storyboard */ = {isa = PBXFileReference; lastKnownFileType = file.storyboard; path = MainInterface.storyboard; sourceTree = "<group>"; };
		84D307451ACD647F00FACB9E /* Info.plist */ = {isa = PBXFileReference; lastKnownFileType = text.plist.xml; path = Info.plist; sourceTree = "<group>"; };
		84D307461ACD647F00FACB9E /* PushNotificationPayload.apns */ = {isa = PBXFileReference; lastKnownFileType = text; path = PushNotificationPayload.apns; sourceTree = "<group>"; };
		84D307471ACD647F00FACB9E /* InterfaceController.h */ = {isa = PBXFileReference; lastKnownFileType = sourcecode.c.h; path = InterfaceController.h; sourceTree = "<group>"; };
		84D307481ACD647F00FACB9E /* InterfaceController.m */ = {isa = PBXFileReference; lastKnownFileType = sourcecode.c.objc; path = InterfaceController.m; sourceTree = "<group>"; };
		84D3074A1ACD647F00FACB9E /* NotificationController.h */ = {isa = PBXFileReference; lastKnownFileType = sourcecode.c.h; path = NotificationController.h; sourceTree = "<group>"; };
		84D3074B1ACD647F00FACB9E /* NotificationController.m */ = {isa = PBXFileReference; lastKnownFileType = sourcecode.c.objc; path = NotificationController.m; sourceTree = "<group>"; };
		84D3074D1ACD647F00FACB9E /* Images.xcassets */ = {isa = PBXFileReference; lastKnownFileType = folder.assetcatalog; path = Images.xcassets; sourceTree = "<group>"; };
		84D307571ACD647F00FACB9E /* Info.plist */ = {isa = PBXFileReference; lastKnownFileType = text.plist.xml; path = Info.plist; sourceTree = "<group>"; };
		84D307591ACD647F00FACB9E /* Base */ = {isa = PBXFileReference; lastKnownFileType = file.storyboard; name = Base; path = Base.lproj/Interface.storyboard; sourceTree = "<group>"; };
		84D3075B1ACD647F00FACB9E /* Images.xcassets */ = {isa = PBXFileReference; lastKnownFileType = folder.assetcatalog; path = Images.xcassets; sourceTree = "<group>"; };
		84D307661ACD8F4300FACB9E /* OwnTracksToday.entitlements */ = {isa = PBXFileReference; lastKnownFileType = text.xml; path = OwnTracksToday.entitlements; sourceTree = "<group>"; };
		84D307671ACD8F5300FACB9E /* OwnTracks WatchKit Extension.entitlements */ = {isa = PBXFileReference; lastKnownFileType = text.xml; path = "OwnTracks WatchKit Extension.entitlements"; sourceTree = "<group>"; };
		84D307691ACDD68200FACB9E /* SharedFriendsRC.h */ = {isa = PBXFileReference; fileEncoding = 4; lastKnownFileType = sourcecode.c.h; path = SharedFriendsRC.h; sourceTree = "<group>"; };
		84D3076A1ACDD68200FACB9E /* SharedFriendsRC.m */ = {isa = PBXFileReference; fileEncoding = 4; lastKnownFileType = sourcecode.c.objc; path = SharedFriendsRC.m; sourceTree = "<group>"; };
		84F468E21AD484CC00CF8C4F /* Model 8.0.xcdatamodel */ = {isa = PBXFileReference; lastKnownFileType = wrapper.xcdatamodel; path = "Model 8.0.xcdatamodel"; sourceTree = "<group>"; };
		84F468E61AD4884200CF8C4F /* Friend.h */ = {isa = PBXFileReference; fileEncoding = 4; lastKnownFileType = sourcecode.c.h; path = Friend.h; sourceTree = "<group>"; };
		84F468E71AD4884200CF8C4F /* Friend.m */ = {isa = PBXFileReference; fileEncoding = 4; lastKnownFileType = sourcecode.c.objc; path = Friend.m; sourceTree = "<group>"; };
		A35A5DAD31E7CD8F9CC2BEFB /* libPods.a */ = {isa = PBXFileReference; explicitFileType = archive.ar; includeInIndex = 0; path = libPods.a; sourceTree = BUILT_PRODUCTS_DIR; };
		F0F95E30D637DDE6FB77559C /* Pods.debug.xcconfig */ = {isa = PBXFileReference; includeInIndex = 1; lastKnownFileType = text.xcconfig; name = Pods.debug.xcconfig; path = "Pods/Target Support Files/Pods/Pods.debug.xcconfig"; sourceTree = "<group>"; };
/* End PBXFileReference section */

/* Begin PBXFrameworksBuildPhase section */
		8411B825189FDB140019D2D6 /* Frameworks */ = {
			isa = PBXFrameworksBuildPhase;
			buildActionMask = 2147483647;
			files = (
				847F8B5819295C65003876D4 /* CoreMotion.framework in Frameworks */,
				8411B82E189FDB140019D2D6 /* CoreGraphics.framework in Frameworks */,
				840B2F741AC0579E00E653F5 /* Crashlytics.framework in Frameworks */,
				8411B832189FDB140019D2D6 /* CoreData.framework in Frameworks */,
				8411B861189FDD200019D2D6 /* MapKit.framework in Frameworks */,
				840B2F751AC0579E00E653F5 /* Fabric.framework in Frameworks */,
				8411B830189FDB140019D2D6 /* UIKit.framework in Frameworks */,
				8411B82C189FDB140019D2D6 /* Foundation.framework in Frameworks */,
				C0F7B8BC24608F7AD9213FBD /* libPods.a in Frameworks */,
			);
			runOnlyForDeploymentPostprocessing = 0;
		};
		8411B845189FDB140019D2D6 /* Frameworks */ = {
			isa = PBXFrameworksBuildPhase;
			buildActionMask = 2147483647;
			files = (
				8411B84A189FDB140019D2D6 /* XCTest.framework in Frameworks */,
				8411B84D189FDB140019D2D6 /* CoreData.framework in Frameworks */,
				8411B84C189FDB140019D2D6 /* UIKit.framework in Frameworks */,
				8411B84B189FDB140019D2D6 /* Foundation.framework in Frameworks */,
			);
			runOnlyForDeploymentPostprocessing = 0;
		};
		84D3072A1ACD644500FACB9E /* Frameworks */ = {
			isa = PBXFrameworksBuildPhase;
			buildActionMask = 2147483647;
			files = (
				84D307681ACDA62100FACB9E /* CoreLocation.framework in Frameworks */,
				84D3072F1ACD644500FACB9E /* NotificationCenter.framework in Frameworks */,
			);
			runOnlyForDeploymentPostprocessing = 0;
		};
/* End PBXFrameworksBuildPhase section */

/* Begin PBXGroup section */
		189E1018F339C35357B32B12 /* Pods */ = {
			isa = PBXGroup;
			children = (
				F0F95E30D637DDE6FB77559C /* Pods.debug.xcconfig */,
				360F842C00CA8867E789B841 /* Pods.release.xcconfig */,
			);
			name = Pods;
			sourceTree = "<group>";
		};
		8411B81F189FDB140019D2D6 = {
			isa = PBXGroup;
			children = (
				840B2F721AC0579E00E653F5 /* Crashlytics.framework */,
				840B2F731AC0579E00E653F5 /* Fabric.framework */,
				8411B833189FDB140019D2D6 /* OwnTracks */,
				8411B850189FDB140019D2D6 /* OwnTracksTests */,
				84D307301ACD644500FACB9E /* OwnTracksToday */,
				84D307431ACD647F00FACB9E /* OwnTracks WatchKit Extension */,
				84D307551ACD647F00FACB9E /* OwnTracks WatchKit App */,
				8411B82A189FDB140019D2D6 /* Frameworks */,
				8411B829189FDB140019D2D6 /* Products */,
				189E1018F339C35357B32B12 /* Pods */,
			);
			sourceTree = "<group>";
		};
		8411B829189FDB140019D2D6 /* Products */ = {
			isa = PBXGroup;
			children = (
				8411B828189FDB140019D2D6 /* OwnTracks.app */,
				8411B848189FDB140019D2D6 /* OwnTracksTests.xctest */,
				84D3072D1ACD644500FACB9E /* OwnTracksToday.appex */,
			);
			name = Products;
			sourceTree = "<group>";
		};
		8411B82A189FDB140019D2D6 /* Frameworks */ = {
			isa = PBXGroup;
			children = (
				84AF468F1AB9571800E954E3 /* CoreLocation.framework */,
				847F8B5719295C65003876D4 /* CoreMotion.framework */,
				8411B863189FDE0D0019D2D6 /* MQTTClient.framework */,
				8411B860189FDD200019D2D6 /* MapKit.framework */,
				8411B82B189FDB140019D2D6 /* Foundation.framework */,
				8411B82D189FDB140019D2D6 /* CoreGraphics.framework */,
				8411B82F189FDB140019D2D6 /* UIKit.framework */,
				8411B831189FDB140019D2D6 /* CoreData.framework */,
				8411B849189FDB140019D2D6 /* XCTest.framework */,
				A35A5DAD31E7CD8F9CC2BEFB /* libPods.a */,
				84D3072E1ACD644500FACB9E /* NotificationCenter.framework */,
			);
			name = Frameworks;
			sourceTree = "<group>";
		};
		8411B833189FDB140019D2D6 /* OwnTracks */ = {
			isa = PBXGroup;
			children = (
				8411B897189FEB790019D2D6 /* assets */,
				8411B867189FE1ED0019D2D6 /* coredata */,
				8411B83C189FDB140019D2D6 /* OwnTracksAppDelegate.h */,
				8411B83D189FDB140019D2D6 /* OwnTracksAppDelegate.m */,
				84B739781A65629200B103F4 /* LocationManager.h */,
				84B739791A65629200B103F4 /* LocationManager.m */,
				8411B886189FE79B0019D2D6 /* AlertView.h */,
				8411B887189FE79B0019D2D6 /* AlertView.m */,
				8411B888189FE79B0019D2D6 /* CoreData.h */,
				8411B889189FE79B0019D2D6 /* CoreData.m */,
				8411B88C189FE9940019D2D6 /* Connection.h */,
				8411B88D189FE9940019D2D6 /* Connection.m */,
				849D457B18CDACDF00201BF3 /* Settings.plist */,
				84CDB24F1AD197AD005E272B /* Public.plist */,
				8455DFBD1ADF2BD8003C7BC8 /* Hosted.plist */,
				8411B8FE189FEC070019D2D6 /* EditLocationTVC.h */,
				8411B8FF189FEC070019D2D6 /* EditLocationTVC.m */,
				8411B900189FEC070019D2D6 /* FriendAnnotationV.h */,
				8411B901189FEC070019D2D6 /* FriendAnnotationV.m */,
				8411B902189FEC070019D2D6 /* FriendTVC.h */,
				8411B903189FEC070019D2D6 /* FriendTVC.m */,
				8411B904189FEC070019D2D6 /* LocationTVC.h */,
				8411B905189FEC070019D2D6 /* LocationTVC.m */,
				8411B906189FEC070019D2D6 /* PersonTVC.h */,
				8411B907189FEC070019D2D6 /* PersonTVC.m */,
				8411B88F189FE9CE0019D2D6 /* Settings.h */,
				8411B890189FE9CE0019D2D6 /* Settings.m */,
				8411B908189FEC070019D2D6 /* StatusTVC.h */,
				8411B909189FEC070019D2D6 /* StatusTVC.m */,
				845F003B192A5CDE00919FB8 /* QosTVC.h */,
				845F003C192A5CDE00919FB8 /* QosTVC.m */,
				8411B90A189FEC070019D2D6 /* ViewController.h */,
				8411B90B189FEC070019D2D6 /* ViewController.m */,
				8499BA96192D085600FA95C7 /* DetailNC.h */,
				8499BA97192D085700FA95C7 /* DetailNC.m */,
				8411B834189FDB140019D2D6 /* Supporting Files */,
			);
			path = OwnTracks;
			sourceTree = "<group>";
		};
		8411B834189FDB140019D2D6 /* Supporting Files */ = {
			isa = PBXGroup;
			children = (
				8411B895189FEAE60019D2D6 /* Storyboard.storyboard */,
				8499BA94192CF86200FA95C7 /* Storyboard-iPad.storyboard */,
				8411B862189FDD300019D2D6 /* OwnTracks.entitlements */,
				8411B835189FDB140019D2D6 /* OwnTracks-Info.plist */,
				8411B836189FDB140019D2D6 /* InfoPlist.strings */,
				8411B839189FDB140019D2D6 /* main.m */,
				8411B83B189FDB140019D2D6 /* OwnTracks-Prefix.pch */,
				842610391ACFE67B00FE1A03 /* Launch Screen.xib */,
			);
			name = "Supporting Files";
			sourceTree = "<group>";
		};
		8411B850189FDB140019D2D6 /* OwnTracksTests */ = {
			isa = PBXGroup;
			children = (
				8411B856189FDB140019D2D6 /* OwnTracksTests.m */,
				8411B851189FDB140019D2D6 /* Supporting Files */,
			);
			path = OwnTracksTests;
			sourceTree = "<group>";
		};
		8411B851189FDB140019D2D6 /* Supporting Files */ = {
			isa = PBXGroup;
			children = (
				8411B852189FDB140019D2D6 /* OwnTracksTests-Info.plist */,
				8411B853189FDB140019D2D6 /* InfoPlist.strings */,
			);
			name = "Supporting Files";
			sourceTree = "<group>";
		};
		8411B867189FE1ED0019D2D6 /* coredata */ = {
			isa = PBXGroup;
			children = (
				8479EEB318E4289E00923B24 /* Setting+Create.h */,
				8479EEB418E4289E00923B24 /* Setting+Create.m */,
				8411B868189FE1ED0019D2D6 /* Friend+Create.h */,
				8411B869189FE1ED0019D2D6 /* Friend+Create.m */,
				8411B86C189FE1ED0019D2D6 /* Location+Create.h */,
				8411B86D189FE1ED0019D2D6 /* Location+Create.m */,
				8411B87D189FE35C0019D2D6 /* Model.xcdatamodeld */,
				84F468E61AD4884200CF8C4F /* Friend.h */,
				84F468E71AD4884200CF8C4F /* Friend.m */,
				848794B219A6240100DF56EB /* Location.h */,
				848794B319A6240100DF56EB /* Location.m */,
				8479EEB018E4288800923B24 /* Setting.h */,
				8479EEB118E4288800923B24 /* Setting.m */,
			);
			path = coredata;
			sourceTree = "<group>";
		};
		8411B897189FEB790019D2D6 /* assets */ = {
			isa = PBXGroup;
			children = (
				8411B842189FDB140019D2D6 /* Images.xcassets */,
				8411B8A6189FEB790019D2D6 /* icon_ipad320.png */,
				8411B8A7189FEB790019D2D6 /* icon_ipad64.png */,
				8411B8AB189FEB790019D2D6 /* iTunesArtwork.png */,
				8411B8AD189FEB790019D2D6 /* iTunesArtwork@2x.png */,
				8411B8AE189FEB790019D2D6 /* Location.gpx */,
			);
			path = assets;
			sourceTree = "<group>";
		};
		84D307301ACD644500FACB9E /* OwnTracksToday */ = {
			isa = PBXGroup;
			children = (
				84D307661ACD8F4300FACB9E /* OwnTracksToday.entitlements */,
				84D307331ACD644500FACB9E /* TodayViewController.h */,
				84D307341ACD644500FACB9E /* TodayViewController.m */,
				84D307361ACD644500FACB9E /* MainInterface.storyboard */,
				84D307311ACD644500FACB9E /* Supporting Files */,
			);
			path = OwnTracksToday;
			sourceTree = "<group>";
		};
		84D307311ACD644500FACB9E /* Supporting Files */ = {
			isa = PBXGroup;
			children = (
				84D307321ACD644500FACB9E /* Info.plist */,
			);
			name = "Supporting Files";
			sourceTree = "<group>";
		};
		84D307431ACD647F00FACB9E /* OwnTracks WatchKit Extension */ = {
			isa = PBXGroup;
			children = (
				84D307671ACD8F5300FACB9E /* OwnTracks WatchKit Extension.entitlements */,
				84D307471ACD647F00FACB9E /* InterfaceController.h */,
				84D307481ACD647F00FACB9E /* InterfaceController.m */,
				84D307691ACDD68200FACB9E /* SharedFriendsRC.h */,
				84D3076A1ACDD68200FACB9E /* SharedFriendsRC.m */,
				84D3074A1ACD647F00FACB9E /* NotificationController.h */,
				84D3074B1ACD647F00FACB9E /* NotificationController.m */,
				84D3074D1ACD647F00FACB9E /* Images.xcassets */,
				84D307441ACD647F00FACB9E /* Supporting Files */,
			);
			path = "OwnTracks WatchKit Extension";
			sourceTree = "<group>";
		};
		84D307441ACD647F00FACB9E /* Supporting Files */ = {
			isa = PBXGroup;
			children = (
				84D307451ACD647F00FACB9E /* Info.plist */,
				84D307461ACD647F00FACB9E /* PushNotificationPayload.apns */,
			);
			name = "Supporting Files";
			sourceTree = "<group>";
		};
		84D307551ACD647F00FACB9E /* OwnTracks WatchKit App */ = {
			isa = PBXGroup;
			children = (
				84D307581ACD647F00FACB9E /* Interface.storyboard */,
				84D3075B1ACD647F00FACB9E /* Images.xcassets */,
				84AB053D1ACFF2280028D8BF /* icon24@2x.png */,
				84AB053E1ACFF2280028D8BF /* icon27.5@2x.png */,
				84AB053F1ACFF2280028D8BF /* icon29@2x.png */,
				84AB05401ACFF2280028D8BF /* icon29@3x.png */,
				84AB05411ACFF2280028D8BF /* icon40@2x.png */,
				84AB05421ACFF2280028D8BF /* icon44@2x.png */,
				84AB05431ACFF2280028D8BF /* icon80@2x.png */,
				84AB05441ACFF2280028D8BF /* icon86@2x.png */,
				84AB05451ACFF2280028D8BF /* icon98@2x.png */,
				84D307561ACD647F00FACB9E /* Supporting Files */,
			);
			path = "OwnTracks WatchKit App";
			sourceTree = "<group>";
		};
		84D307561ACD647F00FACB9E /* Supporting Files */ = {
			isa = PBXGroup;
			children = (
				84D307571ACD647F00FACB9E /* Info.plist */,
			);
			name = "Supporting Files";
			sourceTree = "<group>";
		};
/* End PBXGroup section */

/* Begin PBXNativeTarget section */
		8411B827189FDB140019D2D6 /* OwnTracks */ = {
			isa = PBXNativeTarget;
			buildConfigurationList = 8411B85A189FDB140019D2D6 /* Build configuration list for PBXNativeTarget "OwnTracks" */;
			buildPhases = (
				CA1576B396DD314B90121039 /* Check Pods Manifest.lock */,
				8411B824189FDB140019D2D6 /* Sources */,
				8411B825189FDB140019D2D6 /* Frameworks */,
				8411B826189FDB140019D2D6 /* Resources */,
				91A94BEF7F5441F8C95B188E /* Copy Pods Resources */,
				844E826B1AB8061500516D1A /* Embed App Extensions */,
				84B406F81AC0556D000A419B /* ShellScript */,
			);
			buildRules = (
			);
			dependencies = (
				84D307391ACD644500FACB9E /* PBXTargetDependency */,
			);
			name = OwnTracks;
			productName = OwnTracks;
			productReference = 8411B828189FDB140019D2D6 /* OwnTracks.app */;
			productType = "com.apple.product-type.application";
		};
		8411B847189FDB140019D2D6 /* OwnTracksTests */ = {
			isa = PBXNativeTarget;
			buildConfigurationList = 8411B85D189FDB140019D2D6 /* Build configuration list for PBXNativeTarget "OwnTracksTests" */;
			buildPhases = (
				8411B844189FDB140019D2D6 /* Sources */,
				8411B845189FDB140019D2D6 /* Frameworks */,
				8411B846189FDB140019D2D6 /* Resources */,
			);
			buildRules = (
			);
			dependencies = (
				8411B84F189FDB140019D2D6 /* PBXTargetDependency */,
			);
			name = OwnTracksTests;
			productName = OwnTracksTests;
			productReference = 8411B848189FDB140019D2D6 /* OwnTracksTests.xctest */;
			productType = "com.apple.product-type.bundle.unit-test";
		};
		84D3072C1ACD644500FACB9E /* OwnTracksToday */ = {
			isa = PBXNativeTarget;
			buildConfigurationList = 84D3073D1ACD644600FACB9E /* Build configuration list for PBXNativeTarget "OwnTracksToday" */;
			buildPhases = (
				84D307291ACD644500FACB9E /* Sources */,
				84D3072A1ACD644500FACB9E /* Frameworks */,
				84D3072B1ACD644500FACB9E /* Resources */,
			);
			buildRules = (
			);
			dependencies = (
			);
			name = OwnTracksToday;
			productName = OwnTracksToday;
			productReference = 84D3072D1ACD644500FACB9E /* OwnTracksToday.appex */;
			productType = "com.apple.product-type.app-extension";
		};
/* End PBXNativeTarget section */

/* Begin PBXProject section */
		8411B820189FDB140019D2D6 /* Project object */ = {
			isa = PBXProject;
			attributes = {
				CLASSPREFIX = OwnTracks;
				LastUpgradeCheck = 0510;
				ORGANIZATIONNAME = OwnTracks;
				TargetAttributes = {
					8411B827189FDB140019D2D6 = {
						DevelopmentTeam = C652JFWU23;
						SystemCapabilities = {
							com.apple.ApplicationGroups.iOS = {
								enabled = 1;
							};
							com.apple.BackgroundModes = {
								enabled = 1;
							};
							com.apple.Keychain = {
								enabled = 1;
							};
							com.apple.iOS = {
								enabled = 1;
							};
						};
					};
					8411B847189FDB140019D2D6 = {
						TestTargetID = 8411B827189FDB140019D2D6;
					};
					84D3072C1ACD644500FACB9E = {
						CreatedOnToolsVersion = 6.2;
						DevelopmentTeam = C652JFWU23;
						SystemCapabilities = {
							com.apple.ApplicationGroups.iOS = {
								enabled = 1;
							};
						};
					};
				};
			};
			buildConfigurationList = 8411B823189FDB140019D2D6 /* Build configuration list for PBXProject "OwnTracks" */;
			compatibilityVersion = "Xcode 3.2";
			developmentRegion = English;
			hasScannedForEncodings = 0;
			knownRegions = (
				en,
				Base,
			);
			mainGroup = 8411B81F189FDB140019D2D6;
			productRefGroup = 8411B829189FDB140019D2D6 /* Products */;
			projectDirPath = "";
			projectRoot = "";
			targets = (
				8411B827189FDB140019D2D6 /* OwnTracks */,
				8411B847189FDB140019D2D6 /* OwnTracksTests */,
				84D3072C1ACD644500FACB9E /* OwnTracksToday */,
			);
		};
/* End PBXProject section */

/* Begin PBXResourcesBuildPhase section */
		8411B826189FDB140019D2D6 /* Resources */ = {
			isa = PBXResourcesBuildPhase;
			buildActionMask = 2147483647;
			files = (
				8479EEB718E4529900923B24 /* Settings.plist in Resources */,
				84AB05481ACFF2280028D8BF /* icon29@2x.png in Resources */,
				8411B8DA189FEB790019D2D6 /* icon_ipad64.png in Resources */,
				84AB05491ACFF2280028D8BF /* icon29@3x.png in Resources */,
				8411B8DE189FEB790019D2D6 /* iTunesArtwork.png in Resources */,
				8499BA95192CF86200FA95C7 /* Storyboard-iPad.storyboard in Resources */,
				84AB054A1ACFF2280028D8BF /* icon40@2x.png in Resources */,
				8411B896189FEAE60019D2D6 /* Storyboard.storyboard in Resources */,
				8411B8D9189FEB790019D2D6 /* icon_ipad320.png in Resources */,
				84AB054C1ACFF2280028D8BF /* icon80@2x.png in Resources */,
				8411B843189FDB140019D2D6 /* Images.xcassets in Resources */,
				84AB054D1ACFF2280028D8BF /* icon86@2x.png in Resources */,
				8455DFBE1ADF2BD8003C7BC8 /* Hosted.plist in Resources */,
				8411B8E0189FEB790019D2D6 /* iTunesArtwork@2x.png in Resources */,
				84CDB2501AD197AD005E272B /* Public.plist in Resources */,
				84AB054B1ACFF2280028D8BF /* icon44@2x.png in Resources */,
				84AB05461ACFF2280028D8BF /* icon24@2x.png in Resources */,
				84AB054E1ACFF2280028D8BF /* icon98@2x.png in Resources */,
				84AB05471ACFF2280028D8BF /* icon27.5@2x.png in Resources */,
				8411B8E1189FEB790019D2D6 /* Location.gpx in Resources */,
				8426103A1ACFE67B00FE1A03 /* Launch Screen.xib in Resources */,
			);
			runOnlyForDeploymentPostprocessing = 0;
		};
		8411B846189FDB140019D2D6 /* Resources */ = {
			isa = PBXResourcesBuildPhase;
			buildActionMask = 2147483647;
			files = (
				8411B855189FDB140019D2D6 /* InfoPlist.strings in Resources */,
			);
			runOnlyForDeploymentPostprocessing = 0;
		};
		84D3072B1ACD644500FACB9E /* Resources */ = {
			isa = PBXResourcesBuildPhase;
			buildActionMask = 2147483647;
			files = (
				84D307371ACD644500FACB9E /* MainInterface.storyboard in Resources */,
			);
			runOnlyForDeploymentPostprocessing = 0;
		};
/* End PBXResourcesBuildPhase section */

/* Begin PBXShellScriptBuildPhase section */
		84B406F81AC0556D000A419B /* ShellScript */ = {
			isa = PBXShellScriptBuildPhase;
			buildActionMask = 2147483647;
			files = (
			);
			inputPaths = (
			);
			outputPaths = (
			);
			runOnlyForDeploymentPostprocessing = 0;
			shellPath = /bin/sh;
			shellScript = "./Fabric.framework/run d0b0c708e43f69036ebedad1766ad086074d30f6 afbb978d421ea300ef93b42e9cbb24582aa85ce48f6294656153d911727dafce";
		};
		91A94BEF7F5441F8C95B188E /* Copy Pods Resources */ = {
			isa = PBXShellScriptBuildPhase;
			buildActionMask = 2147483647;
			files = (
			);
			inputPaths = (
			);
			name = "Copy Pods Resources";
			outputPaths = (
			);
			runOnlyForDeploymentPostprocessing = 0;
			shellPath = /bin/sh;
			shellScript = "\"${SRCROOT}/Pods/Target Support Files/Pods/Pods-resources.sh\"\n";
			showEnvVarsInLog = 0;
		};
		CA1576B396DD314B90121039 /* Check Pods Manifest.lock */ = {
			isa = PBXShellScriptBuildPhase;
			buildActionMask = 2147483647;
			files = (
			);
			inputPaths = (
			);
			name = "Check Pods Manifest.lock";
			outputPaths = (
			);
			runOnlyForDeploymentPostprocessing = 0;
			shellPath = /bin/sh;
			shellScript = "diff \"${PODS_ROOT}/../Podfile.lock\" \"${PODS_ROOT}/Manifest.lock\" > /dev/null\nif [[ $? != 0 ]] ; then\n    cat << EOM\nerror: The sandbox is not in sync with the Podfile.lock. Run 'pod install' or update your CocoaPods installation.\nEOM\n    exit 1\nfi\n";
			showEnvVarsInLog = 0;
		};
/* End PBXShellScriptBuildPhase section */

/* Begin PBXSourcesBuildPhase section */
		8411B824189FDB140019D2D6 /* Sources */ = {
			isa = PBXSourcesBuildPhase;
			buildActionMask = 2147483647;
			files = (
				8411B83A189FDB140019D2D6 /* main.m in Sources */,
				8411B90C189FEC070019D2D6 /* EditLocationTVC.m in Sources */,
				8411B910189FEC070019D2D6 /* PersonTVC.m in Sources */,
				8411B912189FEC070019D2D6 /* ViewController.m in Sources */,
				8411B911189FEC070019D2D6 /* StatusTVC.m in Sources */,
				8411B87F189FE35C0019D2D6 /* Model.xcdatamodeld in Sources */,
				8411B90D189FEC070019D2D6 /* FriendAnnotationV.m in Sources */,
				8411B88A189FE79B0019D2D6 /* AlertView.m in Sources */,
				8411B90E189FEC070019D2D6 /* FriendTVC.m in Sources */,
				84F468E81AD4884200CF8C4F /* Friend.m in Sources */,
				8411B90F189FEC070019D2D6 /* LocationTVC.m in Sources */,
				8499BA98192D085700FA95C7 /* DetailNC.m in Sources */,
				8411B88B189FE79B0019D2D6 /* CoreData.m in Sources */,
				848794B419A6240100DF56EB /* Location.m in Sources */,
				8411B87A189FE1ED0019D2D6 /* Location+Create.m in Sources */,
				8479EEB518E4289E00923B24 /* Setting+Create.m in Sources */,
				8411B878189FE1ED0019D2D6 /* Friend+Create.m in Sources */,
				845F003D192A5CDE00919FB8 /* QosTVC.m in Sources */,
				8411B83E189FDB140019D2D6 /* OwnTracksAppDelegate.m in Sources */,
				84B7397A1A65629200B103F4 /* LocationManager.m in Sources */,
				8411B891189FE9CE0019D2D6 /* Settings.m in Sources */,
				8479EEB218E4288800923B24 /* Setting.m in Sources */,
				8411B88E189FE9940019D2D6 /* Connection.m in Sources */,
			);
			runOnlyForDeploymentPostprocessing = 0;
		};
		8411B844189FDB140019D2D6 /* Sources */ = {
			isa = PBXSourcesBuildPhase;
			buildActionMask = 2147483647;
			files = (
				8411B857189FDB140019D2D6 /* OwnTracksTests.m in Sources */,
			);
			runOnlyForDeploymentPostprocessing = 0;
		};
		84D307291ACD644500FACB9E /* Sources */ = {
			isa = PBXSourcesBuildPhase;
			buildActionMask = 2147483647;
			files = (
				84D307351ACD644500FACB9E /* TodayViewController.m in Sources */,
			);
			runOnlyForDeploymentPostprocessing = 0;
		};
/* End PBXSourcesBuildPhase section */

/* Begin PBXTargetDependency section */
		8411B84F189FDB140019D2D6 /* PBXTargetDependency */ = {
			isa = PBXTargetDependency;
			target = 8411B827189FDB140019D2D6 /* OwnTracks */;
			targetProxy = 8411B84E189FDB140019D2D6 /* PBXContainerItemProxy */;
		};
		84D307391ACD644500FACB9E /* PBXTargetDependency */ = {
			isa = PBXTargetDependency;
			target = 84D3072C1ACD644500FACB9E /* OwnTracksToday */;
			targetProxy = 84D307381ACD644500FACB9E /* PBXContainerItemProxy */;
		};
/* End PBXTargetDependency section */

/* Begin PBXVariantGroup section */
		8411B836189FDB140019D2D6 /* InfoPlist.strings */ = {
			isa = PBXVariantGroup;
			children = (
				8411B837189FDB140019D2D6 /* en */,
			);
			name = InfoPlist.strings;
			sourceTree = "<group>";
		};
		8411B853189FDB140019D2D6 /* InfoPlist.strings */ = {
			isa = PBXVariantGroup;
			children = (
				8411B854189FDB140019D2D6 /* en */,
			);
			name = InfoPlist.strings;
			sourceTree = "<group>";
		};
		84D307581ACD647F00FACB9E /* Interface.storyboard */ = {
			isa = PBXVariantGroup;
			children = (
				84D307591ACD647F00FACB9E /* Base */,
			);
			name = Interface.storyboard;
			sourceTree = "<group>";
		};
/* End PBXVariantGroup section */

/* Begin XCBuildConfiguration section */
		8411B858189FDB140019D2D6 /* Debug */ = {
			isa = XCBuildConfiguration;
			buildSettings = {
				ALWAYS_SEARCH_USER_PATHS = NO;
				CLANG_CXX_LANGUAGE_STANDARD = "gnu++0x";
				CLANG_CXX_LIBRARY = "libc++";
				CLANG_ENABLE_MODULES = YES;
				CLANG_ENABLE_OBJC_ARC = YES;
				CLANG_WARN_BOOL_CONVERSION = YES;
				CLANG_WARN_CONSTANT_CONVERSION = YES;
				CLANG_WARN_DIRECT_OBJC_ISA_USAGE = YES_ERROR;
				CLANG_WARN_EMPTY_BODY = YES;
				CLANG_WARN_ENUM_CONVERSION = YES;
				CLANG_WARN_INT_CONVERSION = YES;
				CLANG_WARN_OBJC_ROOT_CLASS = YES_ERROR;
				CLANG_WARN__DUPLICATE_METHOD_MATCH = YES;
				"CODE_SIGN_IDENTITY[sdk=iphoneos*]" = "iPhone Developer";
				COPY_PHASE_STRIP = NO;
				GCC_C_LANGUAGE_STANDARD = gnu99;
				GCC_DYNAMIC_NO_PIC = NO;
				GCC_OPTIMIZATION_LEVEL = 0;
				GCC_PREPROCESSOR_DEFINITIONS = (
					"DEBUG=1",
					"$(inherited)",
				);
				GCC_SYMBOLS_PRIVATE_EXTERN = NO;
				GCC_WARN_64_TO_32_BIT_CONVERSION = YES;
				GCC_WARN_ABOUT_RETURN_TYPE = YES_ERROR;
				GCC_WARN_UNDECLARED_SELECTOR = YES;
				GCC_WARN_UNINITIALIZED_AUTOS = YES;
				GCC_WARN_UNUSED_FUNCTION = YES;
				GCC_WARN_UNUSED_VARIABLE = YES;
				IPHONEOS_DEPLOYMENT_TARGET = 6.1;
				ONLY_ACTIVE_ARCH = YES;
				SDKROOT = iphoneos;
			};
			name = Debug;
		};
		8411B859189FDB140019D2D6 /* Release */ = {
			isa = XCBuildConfiguration;
			buildSettings = {
				ALWAYS_SEARCH_USER_PATHS = NO;
				CLANG_CXX_LANGUAGE_STANDARD = "gnu++0x";
				CLANG_CXX_LIBRARY = "libc++";
				CLANG_ENABLE_MODULES = YES;
				CLANG_ENABLE_OBJC_ARC = YES;
				CLANG_WARN_BOOL_CONVERSION = YES;
				CLANG_WARN_CONSTANT_CONVERSION = YES;
				CLANG_WARN_DIRECT_OBJC_ISA_USAGE = YES_ERROR;
				CLANG_WARN_EMPTY_BODY = YES;
				CLANG_WARN_ENUM_CONVERSION = YES;
				CLANG_WARN_INT_CONVERSION = YES;
				CLANG_WARN_OBJC_ROOT_CLASS = YES_ERROR;
				CLANG_WARN__DUPLICATE_METHOD_MATCH = YES;
				"CODE_SIGN_IDENTITY[sdk=iphoneos*]" = "iPhone Developer";
				COPY_PHASE_STRIP = YES;
				ENABLE_NS_ASSERTIONS = NO;
				GCC_C_LANGUAGE_STANDARD = gnu99;
				GCC_WARN_64_TO_32_BIT_CONVERSION = YES;
				GCC_WARN_ABOUT_RETURN_TYPE = YES_ERROR;
				GCC_WARN_UNDECLARED_SELECTOR = YES;
				GCC_WARN_UNINITIALIZED_AUTOS = YES;
				GCC_WARN_UNUSED_FUNCTION = YES;
				GCC_WARN_UNUSED_VARIABLE = YES;
				IPHONEOS_DEPLOYMENT_TARGET = 6.1;
				SDKROOT = iphoneos;
				VALIDATE_PRODUCT = YES;
			};
			name = Release;
		};
		8411B85B189FDB140019D2D6 /* Debug */ = {
			isa = XCBuildConfiguration;
			baseConfigurationReference = F0F95E30D637DDE6FB77559C /* Pods.debug.xcconfig */;
			buildSettings = {
				ASSETCATALOG_COMPILER_APPICON_NAME = AppIcon;
				ASSETCATALOG_COMPILER_LAUNCHIMAGE_NAME = LaunchImage;
				CODE_SIGN_ENTITLEMENTS = OwnTracks/OwnTracks.entitlements;
				CODE_SIGN_IDENTITY = "iPhone Developer";
				"CODE_SIGN_IDENTITY[sdk=iphoneos*]" = "iPhone Developer";
				FRAMEWORK_SEARCH_PATHS = (
					"$(inherited)",
					"$(PROJECT_DIR)",
				);
				GCC_PRECOMPILE_PREFIX_HEADER = YES;
				GCC_PREFIX_HEADER = "OwnTracks/OwnTracks-Prefix.pch";
				INFOPLIST_FILE = "OwnTracks/OwnTracks-Info.plist";
				IPHONEOS_DEPLOYMENT_TARGET = 6.1;
				LIBRARY_SEARCH_PATHS = "$(inherited)";
				PRODUCT_NAME = "$(TARGET_NAME)";
				PROVISIONING_PROFILE = "";
				TARGETED_DEVICE_FAMILY = "1,2";
				WRAPPER_EXTENSION = app;
			};
			name = Debug;
		};
		8411B85C189FDB140019D2D6 /* Release */ = {
			isa = XCBuildConfiguration;
			baseConfigurationReference = 360F842C00CA8867E789B841 /* Pods.release.xcconfig */;
			buildSettings = {
				ASSETCATALOG_COMPILER_APPICON_NAME = AppIcon;
				ASSETCATALOG_COMPILER_LAUNCHIMAGE_NAME = LaunchImage;
				CODE_SIGN_ENTITLEMENTS = OwnTracks/OwnTracks.entitlements;
				CODE_SIGN_IDENTITY = "iPhone Developer";
				"CODE_SIGN_IDENTITY[sdk=iphoneos*]" = "iPhone Developer";
				FRAMEWORK_SEARCH_PATHS = (
					"$(inherited)",
					"$(PROJECT_DIR)",
				);
				GCC_PRECOMPILE_PREFIX_HEADER = YES;
				GCC_PREFIX_HEADER = "OwnTracks/OwnTracks-Prefix.pch";
				INFOPLIST_FILE = "OwnTracks/OwnTracks-Info.plist";
				IPHONEOS_DEPLOYMENT_TARGET = 6.1;
				LIBRARY_SEARCH_PATHS = "$(inherited)";
				PRODUCT_NAME = "$(TARGET_NAME)";
				PROVISIONING_PROFILE = "";
				TARGETED_DEVICE_FAMILY = "1,2";
				WRAPPER_EXTENSION = app;
			};
			name = Release;
		};
		8411B85E189FDB140019D2D6 /* Debug */ = {
			isa = XCBuildConfiguration;
			buildSettings = {
				BUNDLE_LOADER = "$(BUILT_PRODUCTS_DIR)/OwnTracks.app/OwnTracks";
				FRAMEWORK_SEARCH_PATHS = (
					"$(SDKROOT)/Developer/Library/Frameworks",
					"$(inherited)",
					"$(DEVELOPER_FRAMEWORKS_DIR)",
				);
				GCC_PRECOMPILE_PREFIX_HEADER = YES;
				GCC_PREFIX_HEADER = "OwnTracks/OwnTracks-Prefix.pch";
				GCC_PREPROCESSOR_DEFINITIONS = (
					"DEBUG=1",
					"$(inherited)",
				);
				INFOPLIST_FILE = "OwnTracksTests/OwnTracksTests-Info.plist";
				PRODUCT_NAME = "$(TARGET_NAME)";
				TEST_HOST = "$(BUNDLE_LOADER)";
				WRAPPER_EXTENSION = xctest;
			};
			name = Debug;
		};
		8411B85F189FDB140019D2D6 /* Release */ = {
			isa = XCBuildConfiguration;
			buildSettings = {
				BUNDLE_LOADER = "$(BUILT_PRODUCTS_DIR)/OwnTracks.app/OwnTracks";
				FRAMEWORK_SEARCH_PATHS = (
					"$(SDKROOT)/Developer/Library/Frameworks",
					"$(inherited)",
					"$(DEVELOPER_FRAMEWORKS_DIR)",
				);
				GCC_PRECOMPILE_PREFIX_HEADER = YES;
				GCC_PREFIX_HEADER = "OwnTracks/OwnTracks-Prefix.pch";
				INFOPLIST_FILE = "OwnTracksTests/OwnTracksTests-Info.plist";
				PRODUCT_NAME = "$(TARGET_NAME)";
				TEST_HOST = "$(BUNDLE_LOADER)";
				WRAPPER_EXTENSION = xctest;
			};
			name = Release;
		};
		84D3073B1ACD644600FACB9E /* Debug */ = {
			isa = XCBuildConfiguration;
			buildSettings = {
				CLANG_WARN_UNREACHABLE_CODE = YES;
				CODE_SIGN_ENTITLEMENTS = OwnTracksToday/OwnTracksToday.entitlements;
				CODE_SIGN_IDENTITY = "iPhone Developer";
				"CODE_SIGN_IDENTITY[sdk=iphoneos*]" = "iPhone Developer";
				ENABLE_STRICT_OBJC_MSGSEND = YES;
				GCC_PREPROCESSOR_DEFINITIONS = (
					"DEBUG=1",
					"$(inherited)",
				);
				GCC_WARN_UNINITIALIZED_AUTOS = YES_AGGRESSIVE;
				INFOPLIST_FILE = OwnTracksToday/Info.plist;
				IPHONEOS_DEPLOYMENT_TARGET = 8.2;
				LD_RUNPATH_SEARCH_PATHS = "$(inherited) @executable_path/Frameworks @executable_path/../../Frameworks";
				MTL_ENABLE_DEBUG_INFO = YES;
				PRODUCT_NAME = "$(TARGET_NAME)";
				PROVISIONING_PROFILE = "";
				SKIP_INSTALL = YES;
			};
			name = Debug;
		};
		84D3073C1ACD644600FACB9E /* Release */ = {
			isa = XCBuildConfiguration;
			buildSettings = {
				CLANG_WARN_UNREACHABLE_CODE = YES;
				CODE_SIGN_ENTITLEMENTS = OwnTracksToday/OwnTracksToday.entitlements;
				CODE_SIGN_IDENTITY = "iPhone Developer";
				"CODE_SIGN_IDENTITY[sdk=iphoneos*]" = "iPhone Developer";
				COPY_PHASE_STRIP = NO;
				ENABLE_STRICT_OBJC_MSGSEND = YES;
				GCC_WARN_UNINITIALIZED_AUTOS = YES_AGGRESSIVE;
				INFOPLIST_FILE = OwnTracksToday/Info.plist;
				IPHONEOS_DEPLOYMENT_TARGET = 8.2;
				LD_RUNPATH_SEARCH_PATHS = "$(inherited) @executable_path/Frameworks @executable_path/../../Frameworks";
				MTL_ENABLE_DEBUG_INFO = NO;
				PRODUCT_NAME = "$(TARGET_NAME)";
				PROVISIONING_PROFILE = "";
				SKIP_INSTALL = YES;
			};
			name = Release;
		};
/* End XCBuildConfiguration section */

/* Begin XCConfigurationList section */
		8411B823189FDB140019D2D6 /* Build configuration list for PBXProject "OwnTracks" */ = {
			isa = XCConfigurationList;
			buildConfigurations = (
				8411B858189FDB140019D2D6 /* Debug */,
				8411B859189FDB140019D2D6 /* Release */,
			);
			defaultConfigurationIsVisible = 0;
			defaultConfigurationName = Release;
		};
		8411B85A189FDB140019D2D6 /* Build configuration list for PBXNativeTarget "OwnTracks" */ = {
			isa = XCConfigurationList;
			buildConfigurations = (
				8411B85B189FDB140019D2D6 /* Debug */,
				8411B85C189FDB140019D2D6 /* Release */,
			);
			defaultConfigurationIsVisible = 0;
			defaultConfigurationName = Release;
		};
		8411B85D189FDB140019D2D6 /* Build configuration list for PBXNativeTarget "OwnTracksTests" */ = {
			isa = XCConfigurationList;
			buildConfigurations = (
				8411B85E189FDB140019D2D6 /* Debug */,
				8411B85F189FDB140019D2D6 /* Release */,
			);
			defaultConfigurationIsVisible = 0;
			defaultConfigurationName = Release;
		};
		84D3073D1ACD644600FACB9E /* Build configuration list for PBXNativeTarget "OwnTracksToday" */ = {
			isa = XCConfigurationList;
			buildConfigurations = (
				84D3073B1ACD644600FACB9E /* Debug */,
				84D3073C1ACD644600FACB9E /* Release */,
			);
			defaultConfigurationIsVisible = 0;
			defaultConfigurationName = Release;
		};
/* End XCConfigurationList section */

/* Begin XCVersionGroup section */
		8411B87D189FE35C0019D2D6 /* Model.xcdatamodeld */ = {
			isa = XCVersionGroup;
			children = (
				840BBDD318E4274200DC113C /* Model 6.2.xcdatamodel */,
				84C38C14193F88C200F56D04 /* Model 7.2.2.xcdatamodel */,
				848794B119A6234B00DF56EB /* Model 7.3.xcdatamodel */,
				8474B15319A8CB7D00427427 /* Model 7.3.1.xcdatamodel */,
				84C756A61A89F706003BC8A8 /* Model 7.4.xcdatamodel */,
				84195B201ABCBC9400A9FA97 /* Model 7.5.xcdatamodel */,
				84F468E21AD484CC00CF8C4F /* Model 8.0.xcdatamodel */,
				8411B87E189FE35C0019D2D6 /* Model.xcdatamodel */,
			);
			currentVersion = 84F468E21AD484CC00CF8C4F /* Model 8.0.xcdatamodel */;
			path = Model.xcdatamodeld;
			sourceTree = "<group>";
			versionGroupType = wrapper.xcdatamodel;
		};
/* End XCVersionGroup section */
	};
	rootObject = 8411B820189FDB140019D2D6 /* Project object */;
}
